// !$*UTF8*$!
{
	archiveVersion = 1;
	classes = {
	};
	objectVersion = 46;
	objects = {

/* Begin PBXBuildFile section */
		4171AD1C1CC6855C001D3CC0 /* CalculatorBrain.m in Sources */ = {isa = PBXBuildFile; fileRef = 4171AD1B1CC6855C001D3CC0 /* CalculatorBrain.m */; };
		417614FC1CC57BE700E41C44 /* main.m in Sources */ = {isa = PBXBuildFile; fileRef = 417614FB1CC57BE700E41C44 /* main.m */; };
		417614FF1CC57BE700E41C44 /* AppDelegate.m in Sources */ = {isa = PBXBuildFile; fileRef = 417614FE1CC57BE700E41C44 /* AppDelegate.m */; };
		417615021CC57BE700E41C44 /* ViewController.m in Sources */ = {isa = PBXBuildFile; fileRef = 417615011CC57BE700E41C44 /* ViewController.m */; };
		417615051CC57BE700E41C44 /* Main.storyboard in Resources */ = {isa = PBXBuildFile; fileRef = 417615031CC57BE700E41C44 /* Main.storyboard */; };
		417615071CC57BE700E41C44 /* Assets.xcassets in Resources */ = {isa = PBXBuildFile; fileRef = 417615061CC57BE700E41C44 /* Assets.xcassets */; };
		4176150A1CC57BE700E41C44 /* LaunchScreen.storyboard in Resources */ = {isa = PBXBuildFile; fileRef = 417615081CC57BE700E41C44 /* LaunchScreen.storyboard */; };
/* End PBXBuildFile section */

/* Begin PBXFileReference section */
		4171AD1A1CC6855C001D3CC0 /* CalculatorBrain.h */ = {isa = PBXFileReference; fileEncoding = 4; lastKnownFileType = sourcecode.c.h; path = CalculatorBrain.h; sourceTree = "<group>"; };
		4171AD1B1CC6855C001D3CC0 /* CalculatorBrain.m */ = {isa = PBXFileReference; fileEncoding = 4; lastKnownFileType = sourcecode.c.objc; path = CalculatorBrain.m; sourceTree = "<group>"; };
		417614F71CC57BE700E41C44 /* Calculator.app */ = {isa = PBXFileReference; explicitFileType = wrapper.application; includeInIndex = 0; path = Calculator.app; sourceTree = BUILT_PRODUCTS_DIR; };
		417614FB1CC57BE700E41C44 /* main.m */ = {isa = PBXFileReference; lastKnownFileType = sourcecode.c.objc; path = main.m; sourceTree = "<group>"; };
		417614FD1CC57BE700E41C44 /* AppDelegate.h */ = {isa = PBXFileReference; lastKnownFileType = sourcecode.c.h; path = AppDelegate.h; sourceTree = "<group>"; };
		417614FE1CC57BE700E41C44 /* AppDelegate.m */ = {isa = PBXFileReference; lastKnownFileType = sourcecode.c.objc; path = AppDelegate.m; sourceTree = "<group>"; };
		417615001CC57BE700E41C44 /* ViewController.h */ = {isa = PBXFileReference; lastKnownFileType = sourcecode.c.h; path = ViewController.h; sourceTree = "<group>"; };
		417615011CC57BE700E41C44 /* ViewController.m */ = {isa = PBXFileReference; lastKnownFileType = sourcecode.c.objc; path = ViewController.m; sourceTree = "<group>"; };
		417615041CC57BE700E41C44 /* Base */ = {isa = PBXFileReference; lastKnownFileType = file.storyboard; name = Base; path = Base.lproj/Main.storyboard; sourceTree = "<group>"; };
		417615061CC57BE700E41C44 /* Assets.xcassets */ = {isa = PBXFileReference; lastKnownFileType = folder.assetcatalog; path = Assets.xcassets; sourceTree = "<group>"; };
		417615091CC57BE700E41C44 /* Base */ = {isa = PBXFileReference; lastKnownFileType = file.storyboard; name = Base; path = Base.lproj/LaunchScreen.storyboard; sourceTree = "<group>"; };
		4176150B1CC57BE700E41C44 /* Info.plist */ = {isa = PBXFileReference; lastKnownFileType = text.plist.xml; path = Info.plist; sourceTree = "<group>"; };
/* End PBXFileReference section */

/* Begin PBXFrameworksBuildPhase section */
		417614F41CC57BE700E41C44 /* Frameworks */ = {
			isa = PBXFrameworksBuildPhase;
			buildActionMask = 2147483647;
			files = (
			);
			runOnlyForDeploymentPostprocessing = 0;
		};
/* End PBXFrameworksBuildPhase section */

/* Begin PBXGroup section */
		417614EE1CC57BE700E41C44 = {
			isa = PBXGroup;
			children = (
				417614F91CC57BE700E41C44 /* Calculator */,
				417614F81CC57BE700E41C44 /* Products */,
			);
			sourceTree = "<group>";
		};
		417614F81CC57BE700E41C44 /* Products */ = {
			isa = PBXGroup;
			children = (
				417614F71CC57BE700E41C44 /* Calculator.app */,
			);
			name = Products;
			sourceTree = "<group>";
		};
		417614F91CC57BE700E41C44 /* Calculator */ = {
			isa = PBXGroup;
			children = (
				417614FD1CC57BE700E41C44 /* AppDelegate.h */,
				417614FE1CC57BE700E41C44 /* AppDelegate.m */,
				417615001CC57BE700E41C44 /* ViewController.h */,
				417615011CC57BE700E41C44 /* ViewController.m */,
				4171AD1A1CC6855C001D3CC0 /* CalculatorBrain.h */,
				4171AD1B1CC6855C001D3CC0 /* CalculatorBrain.m */,
				417615031CC57BE700E41C44 /* Main.storyboard */,
				417615061CC57BE700E41C44 /* Assets.xcassets */,
				417615081CC57BE700E41C44 /* LaunchScreen.storyboard */,
				4176150B1CC57BE700E41C44 /* Info.plist */,
				417614FA1CC57BE700E41C44 /* Supporting Files */,
			);
			path = Calculator;
			sourceTree = "<group>";
		};
		417614FA1CC57BE700E41C44 /* Supporting Files */ = {
			isa = PBXGroup;
			children = (
				417614FB1CC57BE700E41C44 /* main.m */,
			);
			name = "Supporting Files";
			sourceTree = "<group>";
		};
/* End PBXGroup section */

/* Begin PBXNativeTarget section */
		417614F61CC57BE700E41C44 /* Calculator */ = {
			isa = PBXNativeTarget;
			buildConfigurationList = 4176150E1CC57BE700E41C44 /* Build configuration list for PBXNativeTarget "Calculator" */;
			buildPhases = (
				417614F31CC57BE700E41C44 /* Sources */,
				417614F41CC57BE700E41C44 /* Frameworks */,
				417614F51CC57BE700E41C44 /* Resources */,
			);
			buildRules = (
			);
			dependencies = (
			);
			name = Calculator;
			productName = Calculator;
			productReference = 417614F71CC57BE700E41C44 /* Calculator.app */;
			productType = "com.apple.product-type.application";
		};
/* End PBXNativeTarget section */

/* Begin PBXProject section */
		417614EF1CC57BE700E41C44 /* Project object */ = {
			isa = PBXProject;
			attributes = {
				LastUpgradeCheck = 0730;
				ORGANIZATIONNAME = "Donny Davis";
				TargetAttributes = {
					417614F61CC57BE700E41C44 = {
						CreatedOnToolsVersion = 7.3;
						DevelopmentTeam = 4B3L94BG4K;
					};
				};
			};
			buildConfigurationList = 417614F21CC57BE700E41C44 /* Build configuration list for PBXProject "Calculator" */;
			compatibilityVersion = "Xcode 3.2";
			developmentRegion = English;
			hasScannedForEncodings = 0;
			knownRegions = (
				en,
				Base,
			);
			mainGroup = 417614EE1CC57BE700E41C44;
			productRefGroup = 417614F81CC57BE700E41C44 /* Products */;
			projectDirPath = "";
			projectRoot = "";
			targets = (
				417614F61CC57BE700E41C44 /* Calculator */,
			);
		};
/* End PBXProject section */

/* Begin PBXResourcesBuildPhase section */
		417614F51CC57BE700E41C44 /* Resources */ = {
			isa = PBXResourcesBuildPhase;
			buildActionMask = 2147483647;
			files = (
				4176150A1CC57BE700E41C44 /* LaunchScreen.storyboard in Resources */,
				417615071CC57BE700E41C44 /* Assets.xcassets in Resources */,
				417615051CC57BE700E41C44 /* Main.storyboard in Resources */,
			);
			runOnlyForDeploymentPostprocessing = 0;
		};
/* End PBXResourcesBuildPhase section */

/* Begin PBXSourcesBuildPhase section */
		417614F31CC57BE700E41C44 /* Sources */ = {
			isa = PBXSourcesBuildPhase;
			buildActionMask = 2147483647;
			files = (
				417615021CC57BE700E41C44 /* ViewController.m in Sources */,
				417614FF1CC57BE700E41C44 /* AppDelegate.m in Sources */,
				4171AD1C1CC6855C001D3CC0 /* CalculatorBrain.m in Sources */,
				417614FC1CC57BE700E41C44 /* main.m in Sources */,
			);
			runOnlyForDeploymentPostprocessing = 0;
		};
/* End PBXSourcesBuildPhase section */

/* Begin PBXVariantGroup section */
		417615031CC57BE700E41C44 /* Main.storyboard */ = {
			isa = PBXVariantGroup;
			children = (
				417615041CC57BE700E41C44 /* Base */,
			);
			name = Main.storyboard;
			sourceTree = "<group>";
		};
		417615081CC57BE700E41C44 /* LaunchScreen.storyboard */ = {
			isa = PBXVariantGroup;
			children = (
				417615091CC57BE700E41C44 /* Base */,
			);
			name = LaunchScreen.storyboard;
			sourceTree = "<group>";
		};
/* End PBXVariantGroup section */

/* Begin XCBuildConfiguration section */
		4176150C1CC57BE700E41C44 /* Debug */ = {
			isa = XCBuildConfiguration;
			buildSettings = {
				ALWAYS_SEARCH_USER_PATHS = NO;
				CLANG_ANALYZER_NONNULL = YES;
				CLANG_CXX_LANGUAGE_STANDARD = "gnu++0x";
				CLANG_CXX_LIBRARY = "libc++";
				CLANG_ENABLE_MODULES = YES;
				CLANG_ENABLE_OBJC_ARC = YES;
				CLANG_WARN_BOOL_CONVERSION = YES;
				CLANG_WARN_CONSTANT_CONVERSION = YES;
				CLANG_WARN_DIRECT_OBJC_ISA_USAGE = YES_ERROR;
				CLANG_WARN_EMPTY_BODY = YES;
				CLANG_WARN_ENUM_CONVERSION = YES;
				CLANG_WARN_INT_CONVERSION = YES;
				CLANG_WARN_OBJC_ROOT_CLASS = YES_ERROR;
				CLANG_WARN_UNREACHABLE_CODE = YES;
				CLANG_WARN__DUPLICATE_METHOD_MATCH = YES;
				"CODE_SIGN_IDENTITY[sdk=iphoneos*]" = "iPhone Developer";
				COPY_PHASE_STRIP = NO;
				DEBUG_INFORMATION_FORMAT = dwarf;
				ENABLE_STRICT_OBJC_MSGSEND = YES;
				ENABLE_TESTABILITY = YES;
				GCC_C_LANGUAGE_STANDARD = gnu99;
				GCC_DYNAMIC_NO_PIC = NO;
				GCC_NO_COMMON_BLOCKS = YES;
				GCC_OPTIMIZATION_LEVEL = 0;
				GCC_PREPROCESSOR_DEFINITIONS = (
					"DEBUG=1",
					"$(inherited)",
				);
				GCC_WARN_64_TO_32_BIT_CONVERSION = YES;
				GCC_WARN_ABOUT_RETURN_TYPE = YES_ERROR;
				GCC_WARN_UNDECLARED_SELECTOR = YES;
				GCC_WARN_UNINITIALIZED_AUTOS = YES_AGGRESSIVE;
				GCC_WARN_UNUSED_FUNCTION = YES;
				GCC_WARN_UNUSED_VARIABLE = YES;
				IPHONEOS_DEPLOYMENT_TARGET = 9.3;
				MTL_ENABLE_DEBUG_INFO = YES;
				ONLY_ACTIVE_ARCH = YES;
				SDKROOT = iphoneos;
				TARGETED_DEVICE_FAMILY = "1,2";
			};
			name = Debug;
		};
		4176150D1CC57BE700E41C44 /* Release */ = {
			isa = XCBuildConfiguration;
			buildSettings = {
				ALWAYS_SEARCH_USER_PATHS = NO;
				CLANG_ANALYZER_NONNULL = YES;
				CLANG_CXX_LANGUAGE_STANDARD = "gnu++0x";
				CLANG_CXX_LIBRARY = "libc++";
				CLANG_ENABLE_MODULES = YES;
				CLANG_ENABLE_OBJC_ARC = YES;
				CLANG_WARN_BOOL_CONVERSION = YES;
				CLANG_WARN_CONSTANT_CONVERSION = YES;
				CLANG_WARN_DIRECT_OBJC_ISA_USAGE = YES_ERROR;
				CLANG_WARN_EMPTY_BODY = YES;
				CLANG_WARN_ENUM_CONVERSION = YES;
				CLANG_WARN_INT_CONVERSION = YES;
				CLANG_WARN_OBJC_ROOT_CLASS = YES_ERROR;
				CLANG_WARN_UNREACHABLE_CODE = YES;
				CLANG_WARN__DUPLICATE_METHOD_MATCH = YES;
				"CODE_SIGN_IDENTITY[sdk=iphoneos*]" = "iPhone Developer";
				COPY_PHASE_STRIP = NO;
				DEBUG_INFORMATION_FORMAT = "dwarf-with-dsym";
				ENABLE_NS_ASSERTIONS = NO;
				ENABLE_STRICT_OBJC_MSGSEND = YES;
				GCC_C_LANGUAGE_STANDARD = gnu99;
				GCC_NO_COMMON_BLOCKS = YES;
				GCC_WARN_64_TO_32_BIT_CONVERSION = YES;
				GCC_WARN_ABOUT_RETURN_TYPE = YES_ERROR;
				GCC_WARN_UNDECLARED_SELECTOR = YES;
				GCC_WARN_UNINITIALIZED_AUTOS = YES_AGGRESSIVE;
				GCC_WARN_UNUSED_FUNCTION = YES;
				GCC_WARN_UNUSED_VARIABLE = YES;
				IPHONEOS_DEPLOYMENT_TARGET = 9.3;
				MTL_ENABLE_DEBUG_INFO = NO;
				SDKROOT = iphoneos;
				TARGETED_DEVICE_FAMILY = "1,2";
				VALIDATE_PRODUCT = YES;
			};
			name = Release;
		};
		4176150F1CC57BE700E41C44 /* Debug */ = {
			isa = XCBuildConfiguration;
			buildSettings = {
				ASSETCATALOG_COMPILER_APPICON_NAME = AppIcon;
				INFOPLIST_FILE = Calculator/Info.plist;
				LD_RUNPATH_SEARCH_PATHS = "$(inherited) @executable_path/Frameworks";
				PRODUCT_BUNDLE_IDENTIFIER = com.donnywdavis.Calculator;
				PRODUCT_NAME = "$(TARGET_NAME)";
			};
			name = Debug;
		};
		417615101CC57BE700E41C44 /* Release */ = {
			isa = XCBuildConfiguration;
			buildSettings = {
				ASSETCATALOG_COMPILER_APPICON_NAME = AppIcon;
				INFOPLIST_FILE = Calculator/Info.plist;
				LD_RUNPATH_SEARCH_PATHS = "$(inherited) @executable_path/Frameworks";
				PRODUCT_BUNDLE_IDENTIFIER = com.donnywdavis.Calculator;
				PRODUCT_NAME = "$(TARGET_NAME)";
			};
			name = Release;
		};
/* End XCBuildConfiguration section */

/* Begin XCConfigurationList section */
		417614F21CC57BE700E41C44 /* Build configuration list for PBXProject "Calculator" */ = {
			isa = XCConfigurationList;
			buildConfigurations = (
				4176150C1CC57BE700E41C44 /* Debug */,
				4176150D1CC57BE700E41C44 /* Release */,
			);
			defaultConfigurationIsVisible = 0;
			defaultConfigurationName = Release;
		};
		4176150E1CC57BE700E41C44 /* Build configuration list for PBXNativeTarget "Calculator" */ = {
			isa = XCConfigurationList;
			buildConfigurations = (
				4176150F1CC57BE700E41C44 /* Debug */,
				417615101CC57BE700E41C44 /* Release */,
			);
			defaultConfigurationIsVisible = 0;
			defaultConfigurationName = Release;
		};
/* End XCConfigurationList section */
	};
	rootObject = 417614EF1CC57BE700E41C44 /* Project object */;
}
